{
  "name": "parser_setup",
  "version": "1.0.0",
  "lockfileVersion": 1,
  "requires": true,
  "dependencies": {
    "@babel/helper-validator-identifier": {
      "version": "7.15.7",
      "resolved": "https://registry.npmjs.org/@babel/helper-validator-identifier/-/helper-validator-identifier-7.15.7.tgz",
      "integrity": "sha512-K4JvCtQqad9OY2+yTU8w+E82ywk/fe+ELNlt1G8z3bVGlZfn/hOcQQsUhGhW/N+tb3fxK800wLtKOE/aM0m72w==",
      "dev": true
    },
    "@babel/parser": {
      "version": "7.15.6",
      "resolved": "https://registry.npmjs.org/@babel/parser/-/parser-7.15.6.tgz",
      "integrity": "sha512-S/TSCcsRuCkmpUuoWijua0Snt+f3ewU/8spLo+4AXJCZfT0bVCzLD5MuOKdrx0mlAptbKzn5AdgEIIKXxXkz9Q==",
      "dev": true
    },
    "@babel/types": {
      "version": "7.15.6",
      "resolved": "https://registry.npmjs.org/@babel/types/-/types-7.15.6.tgz",
      "integrity": "sha512-BPU+7QhqNjmWyDO0/vitH/CuhpV8ZmK1wpKva8nuyNF5MJfuRNWMc+hc14+u9xT93kvykMdncrJT19h74uB1Ig==",
      "dev": true,
      "requires": {
        "@babel/helper-validator-identifier": "^7.14.9",
        "to-fast-properties": "^2.0.0"
      }
    },
    "@types/node": {
      "version": "16.9.1",
      "resolved": "https://registry.npmjs.org/@types/node/-/node-16.9.1.tgz",
      "integrity": "sha512-QpLcX9ZSsq3YYUUnD3nFDY8H7wctAhQj/TFKL8Ya8v5fMm3CFXxo8zStsLAl780ltoYoo1WvKUVGBQK+1ifr7g==",
      "dev": true
    },
    "to-fast-properties": {
      "version": "2.0.0",
      "resolved": "https://registry.npmjs.org/to-fast-properties/-/to-fast-properties-2.0.0.tgz",
      "integrity": "sha1-3F5pjL0HkmW8c+A3doGk5Og/YW4=",
      "dev": true
    },
    "typescript": {
      "version": "4.4.3",
      "resolved": "https://registry.npmjs.org/typescript/-/typescript-4.4.3.tgz",
      "integrity": "sha512-4xfscpisVgqqDfPaJo5vkd+Qd/ItkoagnHpufr+i2QCHBsNYp+G7UAoyFl8aPtx879u38wPV65rZ8qbGZijalA==",
      "dev": true
    }
  }
}
