{
  "name": "parser_setup",
  "version": "1.0.0",
  "lockfileVersion": 2,
  "requires": true,
  "packages": {
    "": {
      "name": "parser_setup",
      "version": "1.0.0",
      "license": "ISC",
      "devDependencies": {
        "@babel/parser": "^7.15.6",
        "@types/node": "^16.9.1",
        "typescript": "^4.4.3"
      }
    },
    "node_modules/@babel/parser": {
      "version": "7.15.6",
      "resolved": "https://registry.npmjs.org/@babel/parser/-/parser-7.15.6.tgz",
      "integrity": "sha512-S/TSCcsRuCkmpUuoWijua0Snt+f3ewU/8spLo+4AXJCZfT0bVCzLD5MuOKdrx0mlAptbKzn5AdgEIIKXxXkz9Q==",
      "dev": true,
      "bin": {
        "parser": "bin/babel-parser.js"
      },
      "engines": {
        "node": ">=6.0.0"
      }
    },
    "node_modules/@types/node": {
      "version": "16.9.1",
      "resolved": "https://registry.npmjs.org/@types/node/-/node-16.9.1.tgz",
      "integrity": "sha512-QpLcX9ZSsq3YYUUnD3nFDY8H7wctAhQj/TFKL8Ya8v5fMm3CFXxo8zStsLAl780ltoYoo1WvKUVGBQK+1ifr7g==",
      "dev": true
    },
    "node_modules/typescript": {
      "version": "4.4.3",
      "resolved": "https://registry.npmjs.org/typescript/-/typescript-4.4.3.tgz",
      "integrity": "sha512-4xfscpisVgqqDfPaJo5vkd+Qd/ItkoagnHpufr+i2QCHBsNYp+G7UAoyFl8aPtx879u38wPV65rZ8qbGZijalA==",
      "dev": true,
      "bin": {
        "tsc": "bin/tsc",
        "tsserver": "bin/tsserver"
      },
      "engines": {
        "node": ">=4.2.0"
      }
    }
  },
  "dependencies": {
    "@babel/parser": {
      "version": "7.15.6",
      "resolved": "https://registry.npmjs.org/@babel/parser/-/parser-7.15.6.tgz",
      "integrity": "sha512-S/TSCcsRuCkmpUuoWijua0Snt+f3ewU/8spLo+4AXJCZfT0bVCzLD5MuOKdrx0mlAptbKzn5AdgEIIKXxXkz9Q==",
      "dev": true
    },
    "@types/node": {
      "version": "16.9.1",
      "resolved": "https://registry.npmjs.org/@types/node/-/node-16.9.1.tgz",
      "integrity": "sha512-QpLcX9ZSsq3YYUUnD3nFDY8H7wctAhQj/TFKL8Ya8v5fMm3CFXxo8zStsLAl780ltoYoo1WvKUVGBQK+1ifr7g==",
      "dev": true
    },
    "typescript": {
      "version": "4.4.3",
      "resolved": "https://registry.npmjs.org/typescript/-/typescript-4.4.3.tgz",
      "integrity": "sha512-4xfscpisVgqqDfPaJo5vkd+Qd/ItkoagnHpufr+i2QCHBsNYp+G7UAoyFl8aPtx879u38wPV65rZ8qbGZijalA==",
      "dev": true
    }
  }
}
